
Microsoft Visual Studio Solution File, Format Version 12.00
# Visual Studio Version 17
VisualStudioVersion = 17.0.31912.275
MinimumVisualStudioVersion = 10.0.40219.1
Project("{FAE04EC0-301F-11D3-BF4B-00C04F79EFBC}") = "TeslaChargingManager", "TeslaChargingManager.csproj", "{D7081ACF-3682-4335-9713-D67C032EB411}"
EndProject
Global
	GlobalSection(SolutionConfigurationPlatforms) = preSolution
		Debug|Any CPU = Debug|Any CPU
		Release|Any CPU = Release|Any CPU
	EndGlobalSection
	GlobalSection(ProjectConfigurationPlatforms) = postSolution
		{D7081ACF-3682-4335-9713-D67C032EB411}.Debug|Any CPU.ActiveCfg = Debug|Any CPU
		{D7081ACF-3682-4335-9713-D67C032EB411}.Debug|Any CPU.Build.0 = Debug|Any CPU
		{D7081ACF-3682-4335-9713-D67C032EB411}.Release|Any CPU.ActiveCfg = Release|Any CPU
		{D7081ACF-3682-4335-9713-D67C032EB411}.Release|Any CPU.Build.0 = Release|Any CPU
	EndGlobalSection
	GlobalSection(SolutionProperties) = preSolution
		HideSolutionNode = FALSE
	EndGlobalSection
	GlobalSection(ExtensibilityGlobals) = postSolution
		SolutionGuid = {F9DF39F1-37EA-48E1-9264-8F99F5B40EFD}
	EndGlobalSection
EndGlobal
